
Microsoft Visual Studio Solution File, Format Version 12.00
# Visual Studio 14
VisualStudioVersion = 14.0.25420.1
MinimumVisualStudioVersion = 10.0.40219.1
Project("{FAE04EC0-301F-11D3-BF4B-00C04F79EFBC}") = "Day25", "Day25\Day25.csproj", "{64DC2FAB-0636-4B1E-B22B-3D7388F1DF26}"
EndProject
Global
	GlobalSection(SolutionConfigurationPlatforms) = preSolution
		Debug|Any CPU = Debug|Any CPU
		Release|Any CPU = Release|Any CPU
	EndGlobalSection
	GlobalSection(ProjectConfigurationPlatforms) = postSolution
		{64DC2FAB-0636-4B1E-B22B-3D7388F1DF26}.Debug|Any CPU.ActiveCfg = Debug|Any CPU
		{64DC2FAB-0636-4B1E-B22B-3D7388F1DF26}.Debug|Any CPU.Build.0 = Debug|Any CPU
		{64DC2FAB-0636-4B1E-B22B-3D7388F1DF26}.Release|Any CPU.ActiveCfg = Release|Any CPU
		{64DC2FAB-0636-4B1E-B22B-3D7388F1DF26}.Release|Any CPU.Build.0 = Release|Any CPU
	EndGlobalSection
	GlobalSection(SolutionProperties) = preSolution
		HideSolutionNode = FALSE
	EndGlobalSection
EndGlobal
